{
  "name": "makefriendsdata",
  "version": "1.0.0",
  "lockfileVersion": 1,
  "requires": true,
  "dependencies": {
    "fastify": {
      "version": "2.3.0",
      "resolved": "https://registry.npm.taobao.org/fastify/download/fastify-2.3.0.tgz",
      "dependencies": {
        "abstract-logging": {
          "version": "https://registry.npm.taobao.org/abstract-logging/download/abstract-logging-1.0.0.tgz",
          "bundled": true
        },
        "ajv": {
          "version": "https://registry.npm.taobao.org/ajv/download/ajv-6.10.0.tgz",
          "bundled": true,
          "dependencies": {
            "fast-deep-equal": {
              "version": "https://registry.npm.taobao.org/fast-deep-equal/download/fast-deep-equal-2.0.1.tgz"
            },
            "fast-json-stable-stringify": {
              "version": "https://registry.npm.taobao.org/fast-json-stable-stringify/download/fast-json-stable-stringify-2.0.0.tgz"
            },
            "json-schema-traverse": {
              "version": "https://registry.npm.taobao.org/json-schema-traverse/download/json-schema-traverse-0.4.1.tgz"
            },
            "uri-js": {
              "version": "https://registry.npm.taobao.org/uri-js/download/uri-js-4.2.2.tgz"
            }
          }
        },
        "avvio": {
          "version": "https://registry.npm.taobao.org/avvio/download/avvio-6.2.1.tgz",
          "bundled": true
        },
        "bourne": {
          "version": "https://registry.npm.taobao.org/bourne/download/bourne-1.1.2.tgz",
          "bundled": true
        },
        "fast-json-stringify": {
          "version": "https://registry.npm.taobao.org/fast-json-stringify/download/fast-json-stringify-1.15.2.tgz",
          "bundled": true
        },
        "find-my-way": {
          "version": "https://registry.npm.taobao.org/find-my-way/download/find-my-way-2.0.1.tgz",
          "bundled": true
        },
        "flatstr": {
          "version": "https://registry.npm.taobao.org/flatstr/download/flatstr-1.0.11.tgz",
          "bundled": true
        },
        "light-my-request": {
          "version": "https://registry.npm.taobao.org/light-my-request/download/light-my-request-3.3.0.tgz",
          "bundled": true
        },
        "middie": {
          "version": "https://registry.npm.taobao.org/middie/download/middie-4.0.1.tgz",
          "bundled": true
        },
        "pino": {
          "version": "https://registry.npm.taobao.org/pino/download/pino-5.12.3.tgz",
          "bundled": true
        },
        "proxy-addr": {
          "version": "https://registry.npm.taobao.org/proxy-addr/download/proxy-addr-2.0.5.tgz",
          "bundled": true
        },
        "readable-stream": {
          "version": "https://registry.npm.taobao.org/readable-stream/download/readable-stream-3.3.0.tgz",
          "bundled": true,
          "dependencies": {
            "inherits": {
              "version": "https://registry.npm.taobao.org/inherits/download/inherits-2.0.3.tgz"
            },
            "string_decoder": {
              "version": "https://registry.npm.taobao.org/string_decoder/download/string_decoder-1.2.0.tgz"
            },
            "util-deprecate": {
              "version": "https://registry.npm.taobao.org/util-deprecate/download/util-deprecate-1.0.2.tgz"
            }
          }
        },
        "rfdc": {
          "version": "https://registry.npm.taobao.org/rfdc/download/rfdc-1.1.2.tgz",
          "bundled": true
        },
        "tiny-lru": {
          "version": "https://registry.npm.taobao.org/tiny-lru/download/tiny-lru-6.0.1.tgz",
          "bundled": true
        }
      }
    },
    "sequelize": {
      "version": "5.8.6",
      "resolved": "https://registry.npm.taobao.org/sequelize/download/sequelize-5.8.6.tgz",
      "dependencies": {
        "bluebird": {
          "version": "https://registry.npm.taobao.org/bluebird/download/bluebird-3.5.4.tgz?cache=0&other_urls=https%3A%2F%2Fregistry.npm.taobao.org%2Fbluebird%2Fdownload%2Fbluebird-3.5.4.tgz",
          "bundled": true
        },
        "cls-bluebird": {
          "version": "https://registry.npm.taobao.org/cls-bluebird/download/cls-bluebird-2.1.0.tgz",
          "bundled": true
        },
        "debug": {
          "version": "https://registry.npm.taobao.org/debug/download/debug-4.1.1.tgz",
          "bundled": true,
          "dependencies": {
            "ms": {
              "version": "https://registry.npm.taobao.org/ms/download/ms-2.1.1.tgz"
            }
          }
        },
        "dottie": {
          "version": "https://registry.npm.taobao.org/dottie/download/dottie-2.0.1.tgz",
          "bundled": true
        },
        "inflection": {
          "version": "https://registry.npm.taobao.org/inflection/download/inflection-1.12.0.tgz",
          "bundled": true
        },
        "lodash": {
          "version": "https://registry.npm.taobao.org/lodash/download/lodash-4.17.11.tgz",
          "bundled": true
        },
        "moment": {
          "version": "https://registry.npm.taobao.org/moment/download/moment-2.24.0.tgz",
          "bundled": true
        },
        "moment-timezone": {
          "version": "https://registry.npm.taobao.org/moment-timezone/download/moment-timezone-0.5.25.tgz?cache=0&other_urls=https%3A%2F%2Fregistry.npm.taobao.org%2Fmoment-timezone%2Fdownload%2Fmoment-timezone-0.5.25.tgz",
          "bundled": true
        },
        "retry-as-promised": {
          "version": "https://registry.npm.taobao.org/retry-as-promised/download/retry-as-promised-3.2.0.tgz",
          "bundled": true
        },
        "semver": {
          "version": "https://registry.npm.taobao.org/semver/download/semver-5.7.0.tgz",
          "bundled": true
        },
        "sequelize-pool": {
          "version": "https://registry.npm.taobao.org/sequelize-pool/download/sequelize-pool-1.0.2.tgz",
          "bundled": true
        },
        "toposort-class": {
          "version": "https://registry.npm.taobao.org/toposort-class/download/toposort-class-1.0.1.tgz",
          "bundled": true
        },
        "uuid": {
          "version": "https://registry.npm.taobao.org/uuid/download/uuid-3.3.2.tgz",
          "bundled": true
        },
        "validator": {
          "version": "https://registry.npm.taobao.org/validator/download/validator-10.11.0.tgz",
          "bundled": true
        },
        "wkx": {
          "version": "https://registry.npm.taobao.org/wkx/download/wkx-0.4.6.tgz",
          "bundled": true
        }
      }
    }
  }
}
